
Microsoft Visual Studio Solution File, Format Version 12.00
# Visual Studio Version 17
VisualStudioVersion = 17.8.34316.72
MinimumVisualStudioVersion = 10.0.40219.1
Project("{FAE04EC0-301F-11D3-BF4B-00C04F79EFBC}") = "WebForm2", "WebForm2\WebForm2.csproj", "{47693841-BA56-49B5-A3E9-5621F8FC0AA0}"
EndProject
Global
	GlobalSection(SolutionConfigurationPlatforms) = preSolution
		Debug|Any CPU = Debug|Any CPU
		Release|Any CPU = Release|Any CPU
	EndGlobalSection
	GlobalSection(ProjectConfigurationPlatforms) = postSolution
		{47693841-BA56-49B5-A3E9-5621F8FC0AA0}.Debug|Any CPU.ActiveCfg = Debug|Any CPU
		{47693841-BA56-49B5-A3E9-5621F8FC0AA0}.Debug|Any CPU.Build.0 = Debug|Any CPU
		{47693841-BA56-49B5-A3E9-5621F8FC0AA0}.Release|Any CPU.ActiveCfg = Release|Any CPU
		{47693841-BA56-49B5-A3E9-5621F8FC0AA0}.Release|Any CPU.Build.0 = Release|Any CPU
	EndGlobalSection
	GlobalSection(SolutionProperties) = preSolution
		HideSolutionNode = FALSE
	EndGlobalSection
	GlobalSection(ExtensibilityGlobals) = postSolution
		SolutionGuid = {775DCCCB-421F-414B-A786-7E9673DF10B5}
	EndGlobalSection
EndGlobal
